{
  "name": "api",
  "version": "1.0.0",
  "lockfileVersion": 1,
  "requires": true,
  "dependencies": {
    "@medv/kot": {
      "version": "0.0.0",
      "resolved": "https://registry.npmjs.org/@medv/kot/-/kot-0.0.0.tgz",
      "integrity": "sha512-E7D0YSAYUf5o6bq64rjJVbCDN3Ly2UcN2ZSxErIOUwy055EL4EGfY4Lqqdxj9DLv2lfiReQRPKMhGUQ9/P6q0Q=="
    }
  }
}
